// !$*UTF8*$!
{
	archiveVersion = 1;
	classes = {
	};
	objectVersion = 50;
	objects = {

/* Begin PBXBuildFile section */
		360936FC219D47D7007F5F3E /* AppDelegate.m in Sources */ = {isa = PBXBuildFile; fileRef = 360936FB219D47D7007F5F3E /* AppDelegate.m */; };
		360936FF219D47D7007F5F3E /* ViewController.m in Sources */ = {isa = PBXBuildFile; fileRef = 360936FE219D47D7007F5F3E /* ViewController.m */; };
		36093702219D47D7007F5F3E /* Main.storyboard in Resources */ = {isa = PBXBuildFile; fileRef = 36093700219D47D7007F5F3E /* Main.storyboard */; };
		36093704219D47DC007F5F3E /* Assets.xcassets in Resources */ = {isa = PBXBuildFile; fileRef = 36093703219D47DC007F5F3E /* Assets.xcassets */; };
		36093707219D47DC007F5F3E /* LaunchScreen.storyboard in Resources */ = {isa = PBXBuildFile; fileRef = 36093705219D47DC007F5F3E /* LaunchScreen.storyboard */; };
		3609370A219D47DC007F5F3E /* main.m in Sources */ = {isa = PBXBuildFile; fileRef = 36093709219D47DC007F5F3E /* main.m */; };
		36093714219D47DC007F5F3E /* WeChatCenTests.m in Sources */ = {isa = PBXBuildFile; fileRef = 36093713219D47DC007F5F3E /* WeChatCenTests.m */; };
		3609371F219D47DC007F5F3E /* WeChatCenUITests.m in Sources */ = {isa = PBXBuildFile; fileRef = 3609371E219D47DC007F5F3E /* WeChatCenUITests.m */; };
/* End PBXBuildFile section */

/* Begin PBXContainerItemProxy section */
		36093710219D47DC007F5F3E /* PBXContainerItemProxy */ = {
			isa = PBXContainerItemProxy;
			containerPortal = 360936EF219D47D6007F5F3E /* Project object */;
			proxyType = 1;
			remoteGlobalIDString = 360936F6219D47D6007F5F3E;
			remoteInfo = WeChatCen;
		};
		3609371B219D47DC007F5F3E /* PBXContainerItemProxy */ = {
			isa = PBXContainerItemProxy;
			containerPortal = 360936EF219D47D6007F5F3E /* Project object */;
			proxyType = 1;
			remoteGlobalIDString = 360936F6219D47D6007F5F3E;
			remoteInfo = WeChatCen;
		};
/* End PBXContainerItemProxy section */

/* Begin PBXFileReference section */
		360936F7219D47D7007F5F3E /* WeChatCen.app */ = {isa = PBXFileReference; explicitFileType = wrapper.application; includeInIndex = 0; path = WeChatCen.app; sourceTree = BUILT_PRODUCTS_DIR; };
		360936FA219D47D7007F5F3E /* AppDelegate.h */ = {isa = PBXFileReference; lastKnownFileType = sourcecode.c.h; path = AppDelegate.h; sourceTree = "<group>"; };
		360936FB219D47D7007F5F3E /* AppDelegate.m */ = {isa = PBXFileReference; lastKnownFileType = sourcecode.c.objc; path = AppDelegate.m; sourceTree = "<group>"; };
		360936FD219D47D7007F5F3E /* ViewController.h */ = {isa = PBXFileReference; lastKnownFileType = sourcecode.c.h; path = ViewController.h; sourceTree = "<group>"; };
		360936FE219D47D7007F5F3E /* ViewController.m */ = {isa = PBXFileReference; lastKnownFileType = sourcecode.c.objc; path = ViewController.m; sourceTree = "<group>"; };
		36093701219D47D7007F5F3E /* Base */ = {isa = PBXFileReference; lastKnownFileType = file.storyboard; name = Base; path = Base.lproj/Main.storyboard; sourceTree = "<group>"; };
		36093703219D47DC007F5F3E /* Assets.xcassets */ = {isa = PBXFileReference; lastKnownFileType = folder.assetcatalog; path = Assets.xcassets; sourceTree = "<group>"; };
		36093706219D47DC007F5F3E /* Base */ = {isa = PBXFileReference; lastKnownFileType = file.storyboard; name = Base; path = Base.lproj/LaunchScreen.storyboard; sourceTree = "<group>"; };
		36093708219D47DC007F5F3E /* Info.plist */ = {isa = PBXFileReference; lastKnownFileType = text.plist.xml; path = Info.plist; sourceTree = "<group>"; };
		36093709219D47DC007F5F3E /* main.m */ = {isa = PBXFileReference; lastKnownFileType = sourcecode.c.objc; path = main.m; sourceTree = "<group>"; };
		3609370F219D47DC007F5F3E /* WeChatCenTests.xctest */ = {isa = PBXFileReference; explicitFileType = wrapper.cfbundle; includeInIndex = 0; path = WeChatCenTests.xctest; sourceTree = BUILT_PRODUCTS_DIR; };
		36093713219D47DC007F5F3E /* WeChatCenTests.m */ = {isa = PBXFileReference; lastKnownFileType = sourcecode.c.objc; path = WeChatCenTests.m; sourceTree = "<group>"; };
		36093715219D47DC007F5F3E /* Info.plist */ = {isa = PBXFileReference; lastKnownFileType = text.plist.xml; path = Info.plist; sourceTree = "<group>"; };
		3609371A219D47DC007F5F3E /* WeChatCenUITests.xctest */ = {isa = PBXFileReference; explicitFileType = wrapper.cfbundle; includeInIndex = 0; path = WeChatCenUITests.xctest; sourceTree = BUILT_PRODUCTS_DIR; };
		3609371E219D47DC007F5F3E /* WeChatCenUITests.m */ = {isa = PBXFileReference; lastKnownFileType = sourcecode.c.objc; path = WeChatCenUITests.m; sourceTree = "<group>"; };
		36093720219D47DC007F5F3E /* Info.plist */ = {isa = PBXFileReference; lastKnownFileType = text.plist.xml; path = Info.plist; sourceTree = "<group>"; };
/* End PBXFileReference section */

/* Begin PBXFrameworksBuildPhase section */
		360936F4219D47D6007F5F3E /* Frameworks */ = {
			isa = PBXFrameworksBuildPhase;
			buildActionMask = 2147483647;
			files = (
			);
			runOnlyForDeploymentPostprocessing = 0;
		};
		3609370C219D47DC007F5F3E /* Frameworks */ = {
			isa = PBXFrameworksBuildPhase;
			buildActionMask = 2147483647;
			files = (
			);
			runOnlyForDeploymentPostprocessing = 0;
		};
		36093717219D47DC007F5F3E /* Frameworks */ = {
			isa = PBXFrameworksBuildPhase;
			buildActionMask = 2147483647;
			files = (
			);
			runOnlyForDeploymentPostprocessing = 0;
		};
/* End PBXFrameworksBuildPhase section */

/* Begin PBXGroup section */
		360936EE219D47D6007F5F3E = {
			isa = PBXGroup;
			children = (
				360936F9219D47D7007F5F3E /* WeChatCen */,
				36093712219D47DC007F5F3E /* WeChatCenTests */,
				3609371D219D47DC007F5F3E /* WeChatCenUITests */,
				360936F8219D47D7007F5F3E /* Products */,
			);
			sourceTree = "<group>";
		};
		360936F8219D47D7007F5F3E /* Products */ = {
			isa = PBXGroup;
			children = (
				360936F7219D47D7007F5F3E /* WeChatCen.app */,
				3609370F219D47DC007F5F3E /* WeChatCenTests.xctest */,
				3609371A219D47DC007F5F3E /* WeChatCenUITests.xctest */,
			);
			name = Products;
			sourceTree = "<group>";
		};
		360936F9219D47D7007F5F3E /* WeChatCen */ = {
			isa = PBXGroup;
			children = (
				360936FA219D47D7007F5F3E /* AppDelegate.h */,
				360936FB219D47D7007F5F3E /* AppDelegate.m */,
				360936FD219D47D7007F5F3E /* ViewController.h */,
				360936FE219D47D7007F5F3E /* ViewController.m */,
				36093700219D47D7007F5F3E /* Main.storyboard */,
				36093703219D47DC007F5F3E /* Assets.xcassets */,
				36093705219D47DC007F5F3E /* LaunchScreen.storyboard */,
				36093708219D47DC007F5F3E /* Info.plist */,
				36093709219D47DC007F5F3E /* main.m */,
			);
			path = WeChatCen;
			sourceTree = "<group>";
		};
		36093712219D47DC007F5F3E /* WeChatCenTests */ = {
			isa = PBXGroup;
			children = (
				36093713219D47DC007F5F3E /* WeChatCenTests.m */,
				36093715219D47DC007F5F3E /* Info.plist */,
			);
			path = WeChatCenTests;
			sourceTree = "<group>";
		};
		3609371D219D47DC007F5F3E /* WeChatCenUITests */ = {
			isa = PBXGroup;
			children = (
				3609371E219D47DC007F5F3E /* WeChatCenUITests.m */,
				36093720219D47DC007F5F3E /* Info.plist */,
			);
			path = WeChatCenUITests;
			sourceTree = "<group>";
		};
/* End PBXGroup section */

/* Begin PBXNativeTarget section */
		360936F6219D47D6007F5F3E /* WeChatCen */ = {
			isa = PBXNativeTarget;
			buildConfigurationList = 36093723219D47DC007F5F3E /* Build configuration list for PBXNativeTarget "WeChatCen" */;
			buildPhases = (
				360936F3219D47D6007F5F3E /* Sources */,
				360936F4219D47D6007F5F3E /* Frameworks */,
				360936F5219D47D6007F5F3E /* Resources */,
			);
			buildRules = (
			);
			dependencies = (
			);
			name = WeChatCen;
			productName = WeChatCen;
			productReference = 360936F7219D47D7007F5F3E /* WeChatCen.app */;
			productType = "com.apple.product-type.application";
		};
		3609370E219D47DC007F5F3E /* WeChatCenTests */ = {
			isa = PBXNativeTarget;
			buildConfigurationList = 36093726219D47DC007F5F3E /* Build configuration list for PBXNativeTarget "WeChatCenTests" */;
			buildPhases = (
				3609370B219D47DC007F5F3E /* Sources */,
				3609370C219D47DC007F5F3E /* Frameworks */,
				3609370D219D47DC007F5F3E /* Resources */,
			);
			buildRules = (
			);
			dependencies = (
				36093711219D47DC007F5F3E /* PBXTargetDependency */,
			);
			name = WeChatCenTests;
			productName = WeChatCenTests;
			productReference = 3609370F219D47DC007F5F3E /* WeChatCenTests.xctest */;
			productType = "com.apple.product-type.bundle.unit-test";
		};
		36093719219D47DC007F5F3E /* WeChatCenUITests */ = {
			isa = PBXNativeTarget;
			buildConfigurationList = 36093729219D47DC007F5F3E /* Build configuration list for PBXNativeTarget "WeChatCenUITests" */;
			buildPhases = (
				36093716219D47DC007F5F3E /* Sources */,
				36093717219D47DC007F5F3E /* Frameworks */,
				36093718219D47DC007F5F3E /* Resources */,
			);
			buildRules = (
			);
			dependencies = (
				3609371C219D47DC007F5F3E /* PBXTargetDependency */,
			);
			name = WeChatCenUITests;
			productName = WeChatCenUITests;
			productReference = 3609371A219D47DC007F5F3E /* WeChatCenUITests.xctest */;
			productType = "com.apple.product-type.bundle.ui-testing";
		};
/* End PBXNativeTarget section */

/* Begin PBXProject section */
		360936EF219D47D6007F5F3E /* Project object */ = {
			isa = PBXProject;
			attributes = {
				LastUpgradeCheck = 1000;
				ORGANIZATIONNAME = weiku;
				TargetAttributes = {
					360936F6219D47D6007F5F3E = {
						CreatedOnToolsVersion = 10.0;
					};
					3609370E219D47DC007F5F3E = {
						CreatedOnToolsVersion = 10.0;
						TestTargetID = 360936F6219D47D6007F5F3E;
					};
					36093719219D47DC007F5F3E = {
						CreatedOnToolsVersion = 10.0;
						TestTargetID = 360936F6219D47D6007F5F3E;
					};
				};
			};
			buildConfigurationList = 360936F2219D47D6007F5F3E /* Build configuration list for PBXProject "WeChatCen" */;
			compatibilityVersion = "Xcode 9.3";
			developmentRegion = en;
			hasScannedForEncodings = 0;
			knownRegions = (
				en,
				Base,
			);
			mainGroup = 360936EE219D47D6007F5F3E;
			productRefGroup = 360936F8219D47D7007F5F3E /* Products */;
			projectDirPath = "";
			projectRoot = "";
			targets = (
				360936F6219D47D6007F5F3E /* WeChatCen */,
				3609370E219D47DC007F5F3E /* WeChatCenTests */,
				36093719219D47DC007F5F3E /* WeChatCenUITests */,
			);
		};
/* End PBXProject section */

/* Begin PBXResourcesBuildPhase section */
		360936F5219D47D6007F5F3E /* Resources */ = {
			isa = PBXResourcesBuildPhase;
			buildActionMask = 2147483647;
			files = (
				36093707219D47DC007F5F3E /* LaunchScreen.storyboard in Resources */,
				36093704219D47DC007F5F3E /* Assets.xcassets in Resources */,
				36093702219D47D7007F5F3E /* Main.storyboard in Resources */,
			);
			runOnlyForDeploymentPostprocessing = 0;
		};
		3609370D219D47DC007F5F3E /* Resources */ = {
			isa = PBXResourcesBuildPhase;
			buildActionMask = 2147483647;
			files = (
			);
			runOnlyForDeploymentPostprocessing = 0;
		};
		36093718219D47DC007F5F3E /* Resources */ = {
			isa = PBXResourcesBuildPhase;
			buildActionMask = 2147483647;
			files = (
			);
			runOnlyForDeploymentPostprocessing = 0;
		};
/* End PBXResourcesBuildPhase section */

/* Begin PBXSourcesBuildPhase section */
		360936F3219D47D6007F5F3E /* Sources */ = {
			isa = PBXSourcesBuildPhase;
			buildActionMask = 2147483647;
			files = (
				360936FF219D47D7007F5F3E /* ViewController.m in Sources */,
				3609370A219D47DC007F5F3E /* main.m in Sources */,
				360936FC219D47D7007F5F3E /* AppDelegate.m in Sources */,
			);
			runOnlyForDeploymentPostprocessing = 0;
		};
		3609370B219D47DC007F5F3E /* Sources */ = {
			isa = PBXSourcesBuildPhase;
			buildActionMask = 2147483647;
			files = (
				36093714219D47DC007F5F3E /* WeChatCenTests.m in Sources */,
			);
			runOnlyForDeploymentPostprocessing = 0;
		};
		36093716219D47DC007F5F3E /* Sources */ = {
			isa = PBXSourcesBuildPhase;
			buildActionMask = 2147483647;
			files = (
				3609371F219D47DC007F5F3E /* WeChatCenUITests.m in Sources */,
			);
			runOnlyForDeploymentPostprocessing = 0;
		};
/* End PBXSourcesBuildPhase section */

/* Begin PBXTargetDependency section */
		36093711219D47DC007F5F3E /* PBXTargetDependency */ = {
			isa = PBXTargetDependency;
			target = 360936F6219D47D6007F5F3E /* WeChatCen */;
			targetProxy = 36093710219D47DC007F5F3E /* PBXContainerItemProxy */;
		};
		3609371C219D47DC007F5F3E /* PBXTargetDependency */ = {
			isa = PBXTargetDependency;
			target = 360936F6219D47D6007F5F3E /* WeChatCen */;
			targetProxy = 3609371B219D47DC007F5F3E /* PBXContainerItemProxy */;
		};
/* End PBXTargetDependency section */

/* Begin PBXVariantGroup section */
		36093700219D47D7007F5F3E /* Main.storyboard */ = {
			isa = PBXVariantGroup;
			children = (
				36093701219D47D7007F5F3E /* Base */,
			);
			name = Main.storyboard;
			sourceTree = "<group>";
		};
		36093705219D47DC007F5F3E /* LaunchScreen.storyboard */ = {
			isa = PBXVariantGroup;
			children = (
				36093706219D47DC007F5F3E /* Base */,
			);
			name = LaunchScreen.storyboard;
			sourceTree = "<group>";
		};
/* End PBXVariantGroup section */

/* Begin XCBuildConfiguration section */
		36093721219D47DC007F5F3E /* Debug */ = {
			isa = XCBuildConfiguration;
			buildSettings = {
				ALWAYS_SEARCH_USER_PATHS = NO;
				CLANG_ANALYZER_NONNULL = YES;
				CLANG_ANALYZER_NUMBER_OBJECT_CONVERSION = YES_AGGRESSIVE;
				CLANG_CXX_LANGUAGE_STANDARD = "gnu++14";
				CLANG_CXX_LIBRARY = "libc++";
				CLANG_ENABLE_MODULES = YES;
				CLANG_ENABLE_OBJC_ARC = YES;
				CLANG_ENABLE_OBJC_WEAK = YES;
				CLANG_WARN_BLOCK_CAPTURE_AUTORELEASING = YES;
				CLANG_WARN_BOOL_CONVERSION = YES;
				CLANG_WARN_COMMA = YES;
				CLANG_WARN_CONSTANT_CONVERSION = YES;
				CLANG_WARN_DEPRECATED_OBJC_IMPLEMENTATIONS = YES;
				CLANG_WARN_DIRECT_OBJC_ISA_USAGE = YES_ERROR;
				CLANG_WARN_DOCUMENTATION_COMMENTS = YES;
				CLANG_WARN_EMPTY_BODY = YES;
				CLANG_WARN_ENUM_CONVERSION = YES;
				CLANG_WARN_INFINITE_RECURSION = YES;
				CLANG_WARN_INT_CONVERSION = YES;
				CLANG_WARN_NON_LITERAL_NULL_CONVERSION = YES;
				CLANG_WARN_OBJC_IMPLICIT_RETAIN_SELF = YES;
				CLANG_WARN_OBJC_LITERAL_CONVERSION = YES;
				CLANG_WARN_OBJC_ROOT_CLASS = YES_ERROR;
				CLANG_WARN_RANGE_LOOP_ANALYSIS = YES;
				CLANG_WARN_STRICT_PROTOTYPES = YES;
				CLANG_WARN_SUSPICIOUS_MOVE = YES;
				CLANG_WARN_UNGUARDED_AVAILABILITY = YES_AGGRESSIVE;
				CLANG_WARN_UNREACHABLE_CODE = YES;
				CLANG_WARN__DUPLICATE_METHOD_MATCH = YES;
				CODE_SIGN_IDENTITY = "iPhone Developer";
				COPY_PHASE_STRIP = NO;
				DEBUG_INFORMATION_FORMAT = dwarf;
				ENABLE_STRICT_OBJC_MSGSEND = YES;
				ENABLE_TESTABILITY = YES;
				GCC_C_LANGUAGE_STANDARD = gnu11;
				GCC_DYNAMIC_NO_PIC = NO;
				GCC_NO_COMMON_BLOCKS = YES;
				GCC_OPTIMIZATION_LEVEL = 0;
				GCC_PREPROCESSOR_DEFINITIONS = (
					"DEBUG=1",
					"$(inherited)",
				);
				GCC_WARN_64_TO_32_BIT_CONVERSION = YES;
				GCC_WARN_ABOUT_RETURN_TYPE = YES_ERROR;
				GCC_WARN_UNDECLARED_SELECTOR = YES;
				GCC_WARN_UNINITIALIZED_AUTOS = YES_AGGRESSIVE;
				GCC_WARN_UNUSED_FUNCTION = YES;
				GCC_WARN_UNUSED_VARIABLE = YES;
				IPHONEOS_DEPLOYMENT_TARGET = 12.0;
				MTL_ENABLE_DEBUG_INFO = INCLUDE_SOURCE;
				MTL_FAST_MATH = YES;
				ONLY_ACTIVE_ARCH = YES;
				SDKROOT = iphoneos;
			};
			name = Debug;
		};
		36093722219D47DC007F5F3E /* Release */ = {
			isa = XCBuildConfiguration;
			buildSettings = {
				ALWAYS_SEARCH_USER_PATHS = NO;
				CLANG_ANALYZER_NONNULL = YES;
				CLANG_ANALYZER_NUMBER_OBJECT_CONVERSION = YES_AGGRESSIVE;
				CLANG_CXX_LANGUAGE_STANDARD = "gnu++14";
				CLANG_CXX_LIBRARY = "libc++";
				CLANG_ENABLE_MODULES = YES;
				CLANG_ENABLE_OBJC_ARC = YES;
				CLANG_ENABLE_OBJC_WEAK = YES;
				CLANG_WARN_BLOCK_CAPTURE_AUTORELEASING = YES;
				CLANG_WARN_BOOL_CONVERSION = YES;
				CLANG_WARN_COMMA = YES;
				CLANG_WARN_CONSTANT_CONVERSION = YES;
				CLANG_WARN_DEPRECATED_OBJC_IMPLEMENTATIONS = YES;
				CLANG_WARN_DIRECT_OBJC_ISA_USAGE = YES_ERROR;
				CLANG_WARN_DOCUMENTATION_COMMENTS = YES;
				CLANG_WARN_EMPTY_BODY = YES;
				CLANG_WARN_ENUM_CONVERSION = YES;
				CLANG_WARN_INFINITE_RECURSION = YES;
				CLANG_WARN_INT_CONVERSION = YES;
				CLANG_WARN_NON_LITERAL_NULL_CONVERSION = YES;
				CLANG_WARN_OBJC_IMPLICIT_RETAIN_SELF = YES;
				CLANG_WARN_OBJC_LITERAL_CONVERSION = YES;
				CLANG_WARN_OBJC_ROOT_CLASS = YES_ERROR;
				CLANG_WARN_RANGE_LOOP_ANALYSIS = YES;
				CLANG_WARN_STRICT_PROTOTYPES = YES;
				CLANG_WARN_SUSPICIOUS_MOVE = YES;
				CLANG_WARN_UNGUARDED_AVAILABILITY = YES_AGGRESSIVE;
				CLANG_WARN_UNREACHABLE_CODE = YES;
				CLANG_WARN__DUPLICATE_METHOD_MATCH = YES;
				CODE_SIGN_IDENTITY = "iPhone Developer";
				COPY_PHASE_STRIP = NO;
				DEBUG_INFORMATION_FORMAT = "dwarf-with-dsym";
				ENABLE_NS_ASSERTIONS = NO;
				ENABLE_STRICT_OBJC_MSGSEND = YES;
				GCC_C_LANGUAGE_STANDARD = gnu11;
				GCC_NO_COMMON_BLOCKS = YES;
				GCC_WARN_64_TO_32_BIT_CONVERSION = YES;
				GCC_WARN_ABOUT_RETURN_TYPE = YES_ERROR;
				GCC_WARN_UNDECLARED_SELECTOR = YES;
				GCC_WARN_UNINITIALIZED_AUTOS = YES_AGGRESSIVE;
				GCC_WARN_UNUSED_FUNCTION = YES;
				GCC_WARN_UNUSED_VARIABLE = YES;
				IPHONEOS_DEPLOYMENT_TARGET = 12.0;
				MTL_ENABLE_DEBUG_INFO = NO;
				MTL_FAST_MATH = YES;
				SDKROOT = iphoneos;
				VALIDATE_PRODUCT = YES;
			};
			name = Release;
		};
		36093724219D47DC007F5F3E /* Debug */ = {
			isa = XCBuildConfiguration;
			buildSettings = {
				ASSETCATALOG_COMPILER_APPICON_NAME = AppIcon;
				CODE_SIGN_STYLE = Automatic;
				DEVELOPMENT_TEAM = U898DVQVD7;
				INFOPLIST_FILE = WeChatCen/Info.plist;
				LD_RUNPATH_SEARCH_PATHS = (
					"$(inherited)",
					"@executable_path/Frameworks",
				);
				PRODUCT_BUNDLE_IDENTIFIER = com.weiku.commerce.WeChatCen;
				PRODUCT_NAME = "$(TARGET_NAME)";
				TARGETED_DEVICE_FAMILY = "1,2";
			};
			name = Debug;
		};
		36093725219D47DC007F5F3E /* Release */ = {
			isa = XCBuildConfiguration;
			buildSettings = {
				ASSETCATALOG_COMPILER_APPICON_NAME = AppIcon;
				CODE_SIGN_STYLE = Automatic;
				DEVELOPMENT_TEAM = U898DVQVD7;
				INFOPLIST_FILE = WeChatCen/Info.plist;
				LD_RUNPATH_SEARCH_PATHS = (
					"$(inherited)",
					"@executable_path/Frameworks",
				);
				PRODUCT_BUNDLE_IDENTIFIER = com.weiku.commerce.WeChatCen;
				PRODUCT_NAME = "$(TARGET_NAME)";
				TARGETED_DEVICE_FAMILY = "1,2";
			};
			name = Release;
		};
		36093727219D47DC007F5F3E /* Debug */ = {
			isa = XCBuildConfiguration;
			buildSettings = {
				BUNDLE_LOADER = "$(TEST_HOST)";
				CODE_SIGN_STYLE = Automatic;
				DEVELOPMENT_TEAM = U898DVQVD7;
				INFOPLIST_FILE = WeChatCenTests/Info.plist;
				LD_RUNPATH_SEARCH_PATHS = (
					"$(inherited)",
					"@executable_path/Frameworks",
					"@loader_path/Frameworks",
				);
				PRODUCT_BUNDLE_IDENTIFIER = com.weiku.commerce.WeChatCenTests;
				PRODUCT_NAME = "$(TARGET_NAME)";
				TARGETED_DEVICE_FAMILY = "1,2";
				TEST_HOST = "$(BUILT_PRODUCTS_DIR)/WeChatCen.app/WeChatCen";
			};
			name = Debug;
		};
		36093728219D47DC007F5F3E /* Release */ = {
			isa = XCBuildConfiguration;
			buildSettings = {
				BUNDLE_LOADER = "$(TEST_HOST)";
				CODE_SIGN_STYLE = Automatic;
				DEVELOPMENT_TEAM = U898DVQVD7;
				INFOPLIST_FILE = WeChatCenTests/Info.plist;
				LD_RUNPATH_SEARCH_PATHS = (
					"$(inherited)",
					"@executable_path/Frameworks",
					"@loader_path/Frameworks",
				);
				PRODUCT_BUNDLE_IDENTIFIER = com.weiku.commerce.WeChatCenTests;
				PRODUCT_NAME = "$(TARGET_NAME)";
				TARGETED_DEVICE_FAMILY = "1,2";
				TEST_HOST = "$(BUILT_PRODUCTS_DIR)/WeChatCen.app/WeChatCen";
			};
			name = Release;
		};
		3609372A219D47DC007F5F3E /* Debug */ = {
			isa = XCBuildConfiguration;
			buildSettings = {
				CODE_SIGN_STYLE = Automatic;
				DEVELOPMENT_TEAM = U898DVQVD7;
				INFOPLIST_FILE = WeChatCenUITests/Info.plist;
				LD_RUNPATH_SEARCH_PATHS = (
					"$(inherited)",
					"@executable_path/Frameworks",
					"@loader_path/Frameworks",
				);
				PRODUCT_BUNDLE_IDENTIFIER = com.weiku.commerce.WeChatCenUITests;
				PRODUCT_NAME = "$(TARGET_NAME)";
				TARGETED_DEVICE_FAMILY = "1,2";
				TEST_TARGET_NAME = WeChatCen;
			};
			name = Debug;
		};
		3609372B219D47DC007F5F3E /* Release */ = {
			isa = XCBuildConfiguration;
			buildSettings = {
				CODE_SIGN_STYLE = Automatic;
				DEVELOPMENT_TEAM = U898DVQVD7;
				INFOPLIST_FILE = WeChatCenUITests/Info.plist;
				LD_RUNPATH_SEARCH_PATHS = (
					"$(inherited)",
					"@executable_path/Frameworks",
					"@loader_path/Frameworks",
				);
				PRODUCT_BUNDLE_IDENTIFIER = com.weiku.commerce.WeChatCenUITests;
				PRODUCT_NAME = "$(TARGET_NAME)";
				TARGETED_DEVICE_FAMILY = "1,2";
				TEST_TARGET_NAME = WeChatCen;
			};
			name = Release;
		};
/* End XCBuildConfiguration section */

/* Begin XCConfigurationList section */
		360936F2219D47D6007F5F3E /* Build configuration list for PBXProject "WeChatCen" */ = {
			isa = XCConfigurationList;
			buildConfigurations = (
				36093721219D47DC007F5F3E /* Debug */,
				36093722219D47DC007F5F3E /* Release */,
			);
			defaultConfigurationIsVisible = 0;
			defaultConfigurationName = Release;
		};
		36093723219D47DC007F5F3E /* Build configuration list for PBXNativeTarget "WeChatCen" */ = {
			isa = XCConfigurationList;
			buildConfigurations = (
				36093724219D47DC007F5F3E /* Debug */,
				36093725219D47DC007F5F3E /* Release */,
			);
			defaultConfigurationIsVisible = 0;
			defaultConfigurationName = Release;
		};
		36093726219D47DC007F5F3E /* Build configuration list for PBXNativeTarget "WeChatCenTests" */ = {
			isa = XCConfigurationList;
			buildConfigurations = (
				36093727219D47DC007F5F3E /* Debug */,
				36093728219D47DC007F5F3E /* Release */,
			);
			defaultConfigurationIsVisible = 0;
			defaultConfigurationName = Release;
		};
		36093729219D47DC007F5F3E /* Build configuration list for PBXNativeTarget "WeChatCenUITests" */ = {
			isa = XCConfigurationList;
			buildConfigurations = (
				3609372A219D47DC007F5F3E /* Debug */,
				3609372B219D47DC007F5F3E /* Release */,
			);
			defaultConfigurationIsVisible = 0;
			defaultConfigurationName = Release;
		};
/* End XCConfigurationList section */
	};
	rootObject = 360936EF219D47D6007F5F3E /* Project object */;
}
